<Project xmlns="http://schemas.microsoft.com/developer/msbuild/2003">
  <PropertyGroup>
    <ProjectGuid>{D2D1A613-3D71-4D3E-94B4-A8D80C1959DA}</ProjectGuid>
    <ProjectVersion>20.4</ProjectVersion>
    <FrameworkType>FMX</FrameworkType>
    <Base>True</Base>
    <Config Condition="'$(Config)'==''">Debug</Config>
    <Platform Condition="'$(Platform)'==''">Win32</Platform>
    <ProjectName Condition="'$(ProjectName)'==''">DelphiAppTranslationStudio</ProjectName>
    <TargetedPlatforms>3</TargetedPlatforms>
    <AppType>Application</AppType>
    <MainSource>DelphiAppTranslationStudio.dpr</MainSource>
    <Icon_MainIcon>Images\DelphiAppTranslationStudio-Icon-Master-v2.ico</Icon_MainIcon>
    <UWP_DelphiLogo44>Images\DelphiAppTranslationStudio-Icon-Master-v2_44.png</UWP_DelphiLogo44>
    <UWP_DelphiLogo150>Images\DelphiAppTranslationStudio-Icon-Master-v2_150.png</UWP_DelphiLogo150>
  </PropertyGroup>
  <PropertyGroup Condition="'$(Config)'=='Base' or '$(Base)'!=''">
    <Base>true</Base>
  </PropertyGroup>
  <PropertyGroup Condition="('$(Platform)'=='Win32' and '$(Base)'=='true') or '$(Base_Win32)'!=''">
    <Base_Win32>true</Base_Win32>
    <CfgParent>Base</CfgParent>
    <Base>true</Base>
  </PropertyGroup>
  <PropertyGroup Condition="('$(Platform)'=='Win64' and '$(Base)'=='true') or '$(Base_Win64)'!=''">
    <Base_Win64>true</Base_Win64>
    <CfgParent>Base</CfgParent>
    <Base>true</Base>
  </PropertyGroup>
  <PropertyGroup Condition="'$(Config)'=='Debug' or '$(Cfg_1)'!=''">
    <Cfg_1>true</Cfg_1>
    <CfgParent>Base</CfgParent>
    <Base>true</Base>
  </PropertyGroup>
  <PropertyGroup Condition="'$(Config)'=='Release' or '$(Cfg_2)'!=''">
    <Cfg_2>true</Cfg_2>
    <CfgParent>Base</CfgParent>
    <Base>true</Base>
  </PropertyGroup>
  <PropertyGroup Condition="'$(Base)'!=''">
    <DCC_DcuOutput>.\dcu\$(Platform)\$(Config)</DCC_DcuOutput>
    <DCC_ExeOutput>.\bin\$(Platform)\$(Config)</DCC_ExeOutput>
    <DCC_Namespace>System;Xml;Data;Datasnap;Web;Soap;$(DCC_Namespace)</DCC_Namespace>
    <DCC_UnitSearchPath>.\source\studio;.\source\core;.\source\scan;.\source\runtime;.\source\integration;.\source\providers;.\source\validation;$(DCC_UnitSearchPath)</DCC_UnitSearchPath>
    <SanitizedProjectName>DelphiAppTranslationStudio</SanitizedProjectName>
  </PropertyGroup>
  <PropertyGroup Condition="'$(Cfg_1)'!=''">
    <DCC_Define>DEBUG;$(DCC_Define)</DCC_Define>
    <DCC_DebugInformation>2</DCC_DebugInformation>
    <DCC_LocalDebugSymbols>true</DCC_LocalDebugSymbols>
    <DCC_Optimize>false</DCC_Optimize>
  </PropertyGroup>
  <PropertyGroup Condition="'$(Cfg_2)'!=''">
    <DCC_DebugInformation>0</DCC_DebugInformation>
    <DCC_LocalDebugSymbols>false</DCC_LocalDebugSymbols>
    <DCC_Optimize>true</DCC_Optimize>
  </PropertyGroup>
  <ItemGroup>
    <DelphiCompile Include="$(MainSource)">
      <MainSource>MainSource</MainSource>
    </DelphiCompile>
    <DCCReference Include="source\studio\DAT.Studio.MainForm.pas">
      <Form>frmTranslationStudio</Form>
      <FormType>fmx</FormType>
      <DesignClass>TForm</DesignClass>
    </DCCReference>
    <DCCReference Include="source\core\DAT.Core.Types.pas"/>
    <DCCReference Include="source\core\DAT.Core.ProjectDetection.pas"/>
    <DCCReference Include="source\core\DAT.Core.CatalogJson.pas"/>
    <DCCReference Include="source\scan\DAT.Scan.Types.pas"/>
    <DCCReference Include="source\scan\DAT.Scan.Rules.pas"/>
    <DCCReference Include="source\scan\DAT.Scan.TextCodec.pas"/>
    <DCCReference Include="source\scan\DAT.Scan.FormText.pas"/>
    <DCCReference Include="source\scan\DAT.Scan.PascalResources.pas"/>
    <DCCReference Include="source\scan\DAT.Scan.Project.pas"/>
    <DCCReference Include="source\scan\DAT.Scan.CatalogMerge.pas"/>
    <BuildConfiguration Include="Base">
      <Key>Base</Key>
    </BuildConfiguration>
    <BuildConfiguration Include="Debug">
      <Key>Cfg_1</Key>
      <CfgParent>Base</CfgParent>
    </BuildConfiguration>
    <BuildConfiguration Include="Release">
      <Key>Cfg_2</Key>
      <CfgParent>Base</CfgParent>
    </BuildConfiguration>
  </ItemGroup>
  <ProjectExtensions>
    <Borland.Personality>Delphi.Personality.12</Borland.Personality>
    <Borland.ProjectType/>
    <BorlandProject>
      <Delphi.Personality/>
      <Platforms>
        <Platform value="Win32">True</Platform>
        <Platform value="Win64">True</Platform>
      </Platforms>
      <Deployment Version="4">
                <DeployFile LocalName="Images\DelphiAppTranslationStudio-Icon-Master-v2_150.png" Configuration="Base" Class="UWP_DelphiLogo150">
                    <Platform Name="Win32">
                        <RemoteDir>Assets\</RemoteDir>
                        <RemoteName>Logo150x150.png</RemoteName>
                        <Overwrite>true</Overwrite>
                    </Platform>
                </DeployFile>

                <DeployFile LocalName="Images\DelphiAppTranslationStudio-Icon-Master-v2_44.png" Configuration="Base" Class="UWP_DelphiLogo44">
                    <Platform Name="Win32">
                        <RemoteDir>Assets\</RemoteDir>
                        <RemoteName>Logo44x44.png</RemoteName>
                        <Overwrite>true</Overwrite>
                    </Platform>
                </DeployFile>
      </Deployment>
    </BorlandProject>
  </ProjectExtensions>
  <Import Project="$(BDS)\Bin\CodeGear.Delphi.Targets" Condition="Exists('$(BDS)\Bin\CodeGear.Delphi.Targets')"/>
  <Import Project="$(APPDATA)\Embarcadero\$(BDSAPPDATABASEDIR)\$(PRODUCTVERSION)\UserTools.proj" Condition="Exists('$(APPDATA)\Embarcadero\$(BDSAPPDATABASEDIR)\$(PRODUCTVERSION)\UserTools.proj')"/>
</Project>
